lockfileVersion: '9.0'

settings:
  autoInstallPeers: true
  excludeLinksFromLockfile: false

importers:

  .:
    devDependencies:
      only-allow:
        specifier: ^1.2.1
        version: 1.2.1
      pnpm:
        specifier: ^9.12.1
        version: 9.15.4
      prettier:
        specifier: ^3.3.3
        version: 3.4.2

packages:

  only-allow@1.2.1:
    resolution: {integrity: sha512-M7CJbmv7UCopc0neRKdzfoGWaVZC+xC1925GitKH9EAqYFzX9//25Q7oX4+jw0tiCCj+t5l6VZh8UPH23NZkMA==}
    hasBin: true

  pnpm@9.15.4:
    resolution: {integrity: sha512-stwg4vxys+GISEWbNzWaMgZGY+VielHkx0ssKd2OjgSRSDw6u0B4nP1Xi/Ni+2uoJhsF8Dh9dnku1uI+o7G2oA==}
    engines: {node: '>=18.12'}
    hasBin: true

  prettier@3.4.2:
    resolution: {integrity: sha512-e9MewbtFo+Fevyuxn/4rrcDAaq0IYxPGLvObpQjiZBMAzB9IGmzlnG9RZy3FFas+eBMu2vA0CszMeduow5dIuQ==}
    engines: {node: '>=14'}
    hasBin: true

  which-pm-runs@1.1.0:
    resolution: {integrity: sha512-n1brCuqClxfFfq/Rb0ICg9giSZqCS+pLtccdag6C2HyufBrh3fBOiy9nb6ggRMvWOVH5GrdJskj5iGTZNxd7SA==}
    engines: {node: '>=4'}

snapshots:

  only-allow@1.2.1:
    dependencies:
      which-pm-runs: 1.1.0

  pnpm@9.15.4: {}

  prettier@3.4.2: {}

  which-pm-runs@1.1.0: {}
